// !$*UTF8*$!
{
	archiveVersion = 1;
	classes = {
	};
	objectVersion = 50;
	objects = {

/* Begin PBXBuildFile section */
		C174A89BBC11D0A2D9C02F89 /* Pods_Penn_Study.framework in Frameworks */ = {isa = PBXBuildFile; fileRef = 1DC197FFAA8E6BD3088AF625 /* Pods_Penn_Study.framework */; };
		CA934B73238C82BA00826E9C /* AppDelegate.swift in Sources */ = {isa = PBXBuildFile; fileRef = CA934B72238C82BA00826E9C /* AppDelegate.swift */; };
		CA934B75238C82BA00826E9C /* ViewController.swift in Sources */ = {isa = PBXBuildFile; fileRef = CA934B74238C82BA00826E9C /* ViewController.swift */; };
		CA934B78238C82BA00826E9C /* Main.storyboard in Resources */ = {isa = PBXBuildFile; fileRef = CA934B76238C82BA00826E9C /* Main.storyboard */; };
		CA934B7A238C82BB00826E9C /* Assets.xcassets in Resources */ = {isa = PBXBuildFile; fileRef = CA934B79238C82BB00826E9C /* Assets.xcassets */; };
		CA934B7D238C82BB00826E9C /* LaunchScreen.storyboard in Resources */ = {isa = PBXBuildFile; fileRef = CA934B7B238C82BB00826E9C /* LaunchScreen.storyboard */; };
/* End PBXBuildFile section */

/* Begin PBXFileReference section */
		1DC197FFAA8E6BD3088AF625 /* Pods_Penn_Study.framework */ = {isa = PBXFileReference; explicitFileType = wrapper.framework; includeInIndex = 0; path = Pods_Penn_Study.framework; sourceTree = BUILT_PRODUCTS_DIR; };
		26A13BEF286848DFEBEF0309 /* Pods-Penn Study.release.xcconfig */ = {isa = PBXFileReference; includeInIndex = 1; lastKnownFileType = text.xcconfig; name = "Pods-Penn Study.release.xcconfig"; path = "Target Support Files/Pods-Penn Study/Pods-Penn Study.release.xcconfig"; sourceTree = "<group>"; };
		53949BD1676C2530D2F5FBA6 /* Pods-Penn Study.debug.xcconfig */ = {isa = PBXFileReference; includeInIndex = 1; lastKnownFileType = text.xcconfig; name = "Pods-Penn Study.debug.xcconfig"; path = "Target Support Files/Pods-Penn Study/Pods-Penn Study.debug.xcconfig"; sourceTree = "<group>"; };
		CA934B6F238C82BA00826E9C /* Penn Study.app */ = {isa = PBXFileReference; explicitFileType = wrapper.application; includeInIndex = 0; path = "Penn Study.app"; sourceTree = BUILT_PRODUCTS_DIR; };
		CA934B72238C82BA00826E9C /* AppDelegate.swift */ = {isa = PBXFileReference; lastKnownFileType = sourcecode.swift; path = AppDelegate.swift; sourceTree = "<group>"; };
		CA934B74238C82BA00826E9C /* ViewController.swift */ = {isa = PBXFileReference; lastKnownFileType = sourcecode.swift; path = ViewController.swift; sourceTree = "<group>"; };
		CA934B77238C82BA00826E9C /* Base */ = {isa = PBXFileReference; lastKnownFileType = file.storyboard; name = Base; path = Base.lproj/Main.storyboard; sourceTree = "<group>"; };
		CA934B79238C82BB00826E9C /* Assets.xcassets */ = {isa = PBXFileReference; lastKnownFileType = folder.assetcatalog; path = Assets.xcassets; sourceTree = "<group>"; };
		CA934B7C238C82BB00826E9C /* Base */ = {isa = PBXFileReference; lastKnownFileType = file.storyboard; name = Base; path = Base.lproj/LaunchScreen.storyboard; sourceTree = "<group>"; };
		CA934B7E238C82BB00826E9C /* Info.plist */ = {isa = PBXFileReference; lastKnownFileType = text.plist.xml; path = Info.plist; sourceTree = "<group>"; };
/* End PBXFileReference section */

/* Begin PBXFrameworksBuildPhase section */
		CA934B6C238C82BA00826E9C /* Frameworks */ = {
			isa = PBXFrameworksBuildPhase;
			buildActionMask = 2147483647;
			files = (
				C174A89BBC11D0A2D9C02F89 /* Pods_Penn_Study.framework in Frameworks */,
			);
			runOnlyForDeploymentPostprocessing = 0;
		};
/* End PBXFrameworksBuildPhase section */

/* Begin PBXGroup section */
		2BD61A2ACA4264091A59093D /* Frameworks */ = {
			isa = PBXGroup;
			children = (
				1DC197FFAA8E6BD3088AF625 /* Pods_Penn_Study.framework */,
			);
			name = Frameworks;
			sourceTree = "<group>";
		};
		B04600344E1A68E992583242 /* Pods */ = {
			isa = PBXGroup;
			children = (
				53949BD1676C2530D2F5FBA6 /* Pods-Penn Study.debug.xcconfig */,
				26A13BEF286848DFEBEF0309 /* Pods-Penn Study.release.xcconfig */,
			);
			name = Pods;
			path = Pods;
			sourceTree = "<group>";
		};
		CA934B66238C82BA00826E9C = {
			isa = PBXGroup;
			children = (
				CA934B71238C82BA00826E9C /* Penn Study */,
				CA934B70238C82BA00826E9C /* Products */,
				B04600344E1A68E992583242 /* Pods */,
				2BD61A2ACA4264091A59093D /* Frameworks */,
			);
			sourceTree = "<group>";
		};
		CA934B70238C82BA00826E9C /* Products */ = {
			isa = PBXGroup;
			children = (
				CA934B6F238C82BA00826E9C /* Penn Study.app */,
			);
			name = Products;
			sourceTree = "<group>";
		};
		CA934B71238C82BA00826E9C /* Penn Study */ = {
			isa = PBXGroup;
			children = (
				CA934B72238C82BA00826E9C /* AppDelegate.swift */,
				CA934B74238C82BA00826E9C /* ViewController.swift */,
				CA934B76238C82BA00826E9C /* Main.storyboard */,
				CA934B79238C82BB00826E9C /* Assets.xcassets */,
				CA934B7B238C82BB00826E9C /* LaunchScreen.storyboard */,
				CA934B7E238C82BB00826E9C /* Info.plist */,
			);
			path = "Penn Study";
			sourceTree = "<group>";
		};
/* End PBXGroup section */

/* Begin PBXNativeTarget section */
		CA934B6E238C82BA00826E9C /* Penn Study */ = {
			isa = PBXNativeTarget;
			buildConfigurationList = CA934B81238C82BB00826E9C /* Build configuration list for PBXNativeTarget "Penn Study" */;
			buildPhases = (
				C56D82BE312C6876759A419E /* [CP] Check Pods Manifest.lock */,
				CA934B6B238C82BA00826E9C /* Sources */,
				CA934B6C238C82BA00826E9C /* Frameworks */,
				CA934B6D238C82BA00826E9C /* Resources */,
				24401B2BDA57747B48FB08E5 /* [CP] Embed Pods Frameworks */,
			);
			buildRules = (
			);
			dependencies = (
			);
			name = "Penn Study";
			productName = "Penn Study";
			productReference = CA934B6F238C82BA00826E9C /* Penn Study.app */;
			productType = "com.apple.product-type.application";
		};
/* End PBXNativeTarget section */

/* Begin PBXProject section */
		CA934B67238C82BA00826E9C /* Project object */ = {
			isa = PBXProject;
			attributes = {
				LastSwiftUpdateCheck = 1030;
				LastUpgradeCheck = 1030;
				ORGANIZATIONNAME = "Brandon Barros";
				TargetAttributes = {
					CA934B6E238C82BA00826E9C = {
						CreatedOnToolsVersion = 10.3;
					};
				};
			};
			buildConfigurationList = CA934B6A238C82BA00826E9C /* Build configuration list for PBXProject "Penn Study" */;
			compatibilityVersion = "Xcode 9.3";
			developmentRegion = en;
			hasScannedForEncodings = 0;
			knownRegions = (
				en,
				Base,
			);
			mainGroup = CA934B66238C82BA00826E9C;
			productRefGroup = CA934B70238C82BA00826E9C /* Products */;
			projectDirPath = "";
			projectRoot = "";
			targets = (
				CA934B6E238C82BA00826E9C /* Penn Study */,
			);
		};
/* End PBXProject section */

/* Begin PBXResourcesBuildPhase section */
		CA934B6D238C82BA00826E9C /* Resources */ = {
			isa = PBXResourcesBuildPhase;
			buildActionMask = 2147483647;
			files = (
				CA934B7D238C82BB00826E9C /* LaunchScreen.storyboard in Resources */,
				CA934B7A238C82BB00826E9C /* Assets.xcassets in Resources */,
				CA934B78238C82BA00826E9C /* Main.storyboard in Resources */,
			);
			runOnlyForDeploymentPostprocessing = 0;
		};
/* End PBXResourcesBuildPhase section */

/* Begin PBXShellScriptBuildPhase section */
		24401B2BDA57747B48FB08E5 /* [CP] Embed Pods Frameworks */ = {
			isa = PBXShellScriptBuildPhase;
			buildActionMask = 2147483647;
			files = (
			);
			inputFileListPaths = (
				"${PODS_ROOT}/Target Support Files/Pods-Penn Study/Pods-Penn Study-frameworks-${CONFIGURATION}-input-files.xcfilelist",
			);
			name = "[CP] Embed Pods Frameworks";
			outputFileListPaths = (
				"${PODS_ROOT}/Target Support Files/Pods-Penn Study/Pods-Penn Study-frameworks-${CONFIGURATION}-output-files.xcfilelist",
			);
			runOnlyForDeploymentPostprocessing = 0;
			shellPath = /bin/sh;
			shellScript = "\"${PODS_ROOT}/Target Support Files/Pods-Penn Study/Pods-Penn Study-frameworks.sh\"\n";
			showEnvVarsInLog = 0;
		};
		C56D82BE312C6876759A419E /* [CP] Check Pods Manifest.lock */ = {
			isa = PBXShellScriptBuildPhase;
			buildActionMask = 2147483647;
			files = (
			);
			inputFileListPaths = (
			);
			inputPaths = (
				"${PODS_PODFILE_DIR_PATH}/Podfile.lock",
				"${PODS_ROOT}/Manifest.lock",
			);
			name = "[CP] Check Pods Manifest.lock";
			outputFileListPaths = (
			);
			outputPaths = (
				"$(DERIVED_FILE_DIR)/Pods-Penn Study-checkManifestLockResult.txt",
			);
			runOnlyForDeploymentPostprocessing = 0;
			shellPath = /bin/sh;
			shellScript = "diff \"${PODS_PODFILE_DIR_PATH}/Podfile.lock\" \"${PODS_ROOT}/Manifest.lock\" > /dev/null\nif [ $? != 0 ] ; then\n    # print error to STDERR\n    echo \"error: The sandbox is not in sync with the Podfile.lock. Run 'pod install' or update your CocoaPods installation.\" >&2\n    exit 1\nfi\n# This output is used by Xcode 'outputs' to avoid re-running this script phase.\necho \"SUCCESS\" > \"${SCRIPT_OUTPUT_FILE_0}\"\n";
			showEnvVarsInLog = 0;
		};
/* End PBXShellScriptBuildPhase section */

/* Begin PBXSourcesBuildPhase section */
		CA934B6B238C82BA00826E9C /* Sources */ = {
			isa = PBXSourcesBuildPhase;
			buildActionMask = 2147483647;
			files = (
				CA934B75238C82BA00826E9C /* ViewController.swift in Sources */,
				CA934B73238C82BA00826E9C /* AppDelegate.swift in Sources */,
			);
			runOnlyForDeploymentPostprocessing = 0;
		};
/* End PBXSourcesBuildPhase section */

/* Begin PBXVariantGroup section */
		CA934B76238C82BA00826E9C /* Main.storyboard */ = {
			isa = PBXVariantGroup;
			children = (
				CA934B77238C82BA00826E9C /* Base */,
			);
			name = Main.storyboard;
			sourceTree = "<group>";
		};
		CA934B7B238C82BB00826E9C /* LaunchScreen.storyboard */ = {
			isa = PBXVariantGroup;
			children = (
				CA934B7C238C82BB00826E9C /* Base */,
			);
			name = LaunchScreen.storyboard;
			sourceTree = "<group>";
		};
/* End PBXVariantGroup section */

/* Begin XCBuildConfiguration section */
		CA934B7F238C82BB00826E9C /* Debug */ = {
			isa = XCBuildConfiguration;
			buildSettings = {
				ALWAYS_SEARCH_USER_PATHS = NO;
				CLANG_ANALYZER_NONNULL = YES;
				CLANG_ANALYZER_NUMBER_OBJECT_CONVERSION = YES_AGGRESSIVE;
				CLANG_CXX_LANGUAGE_STANDARD = "gnu++14";
				CLANG_CXX_LIBRARY = "libc++";
				CLANG_ENABLE_MODULES = YES;
				CLANG_ENABLE_OBJC_ARC = YES;
				CLANG_ENABLE_OBJC_WEAK = YES;
				CLANG_WARN_BLOCK_CAPTURE_AUTORELEASING = YES;
				CLANG_WARN_BOOL_CONVERSION = YES;
				CLANG_WARN_COMMA = YES;
				CLANG_WARN_CONSTANT_CONVERSION = YES;
				CLANG_WARN_DEPRECATED_OBJC_IMPLEMENTATIONS = YES;
				CLANG_WARN_DIRECT_OBJC_ISA_USAGE = YES_ERROR;
				CLANG_WARN_DOCUMENTATION_COMMENTS = YES;
				CLANG_WARN_EMPTY_BODY = YES;
				CLANG_WARN_ENUM_CONVERSION = YES;
				CLANG_WARN_INFINITE_RECURSION = YES;
				CLANG_WARN_INT_CONVERSION = YES;
				CLANG_WARN_NON_LITERAL_NULL_CONVERSION = YES;
				CLANG_WARN_OBJC_IMPLICIT_RETAIN_SELF = YES;
				CLANG_WARN_OBJC_LITERAL_CONVERSION = YES;
				CLANG_WARN_OBJC_ROOT_CLASS = YES_ERROR;
				CLANG_WARN_RANGE_LOOP_ANALYSIS = YES;
				CLANG_WARN_STRICT_PROTOTYPES = YES;
				CLANG_WARN_SUSPICIOUS_MOVE = YES;
				CLANG_WARN_UNGUARDED_AVAILABILITY = YES_AGGRESSIVE;
				CLANG_WARN_UNREACHABLE_CODE = YES;
				CLANG_WARN__DUPLICATE_METHOD_MATCH = YES;
				CODE_SIGN_IDENTITY = "iPhone Developer";
				COPY_PHASE_STRIP = NO;
				DEBUG_INFORMATION_FORMAT = dwarf;
				ENABLE_STRICT_OBJC_MSGSEND = YES;
				ENABLE_TESTABILITY = YES;
				GCC_C_LANGUAGE_STANDARD = gnu11;
				GCC_DYNAMIC_NO_PIC = NO;
				GCC_NO_COMMON_BLOCKS = YES;
				GCC_OPTIMIZATION_LEVEL = 0;
				GCC_PREPROCESSOR_DEFINITIONS = (
					"DEBUG=1",
					"$(inherited)",
				);
				GCC_WARN_64_TO_32_BIT_CONVERSION = YES;
				GCC_WARN_ABOUT_RETURN_TYPE = YES_ERROR;
				GCC_WARN_UNDECLARED_SELECTOR = YES;
				GCC_WARN_UNINITIALIZED_AUTOS = YES_AGGRESSIVE;
				GCC_WARN_UNUSED_FUNCTION = YES;
				GCC_WARN_UNUSED_VARIABLE = YES;
				IPHONEOS_DEPLOYMENT_TARGET = 12.4;
				MTL_ENABLE_DEBUG_INFO = INCLUDE_SOURCE;
				MTL_FAST_MATH = YES;
				ONLY_ACTIVE_ARCH = YES;
				SDKROOT = iphoneos;
				SWIFT_ACTIVE_COMPILATION_CONDITIONS = DEBUG;
				SWIFT_OPTIMIZATION_LEVEL = "-Onone";
			};
			name = Debug;
		};
		CA934B80238C82BB00826E9C /* Release */ = {
			isa = XCBuildConfiguration;
			buildSettings = {
				ALWAYS_SEARCH_USER_PATHS = NO;
				CLANG_ANALYZER_NONNULL = YES;
				CLANG_ANALYZER_NUMBER_OBJECT_CONVERSION = YES_AGGRESSIVE;
				CLANG_CXX_LANGUAGE_STANDARD = "gnu++14";
				CLANG_CXX_LIBRARY = "libc++";
				CLANG_ENABLE_MODULES = YES;
				CLANG_ENABLE_OBJC_ARC = YES;
				CLANG_ENABLE_OBJC_WEAK = YES;
				CLANG_WARN_BLOCK_CAPTURE_AUTORELEASING = YES;
				CLANG_WARN_BOOL_CONVERSION = YES;
				CLANG_WARN_COMMA = YES;
				CLANG_WARN_CONSTANT_CONVERSION = YES;
				CLANG_WARN_DEPRECATED_OBJC_IMPLEMENTATIONS = YES;
				CLANG_WARN_DIRECT_OBJC_ISA_USAGE = YES_ERROR;
				CLANG_WARN_DOCUMENTATION_COMMENTS = YES;
				CLANG_WARN_EMPTY_BODY = YES;
				CLANG_WARN_ENUM_CONVERSION = YES;
				CLANG_WARN_INFINITE_RECURSION = YES;
				CLANG_WARN_INT_CONVERSION = YES;
				CLANG_WARN_NON_LITERAL_NULL_CONVERSION = YES;
				CLANG_WARN_OBJC_IMPLICIT_RETAIN_SELF = YES;
				CLANG_WARN_OBJC_LITERAL_CONVERSION = YES;
				CLANG_WARN_OBJC_ROOT_CLASS = YES_ERROR;
				CLANG_WARN_RANGE_LOOP_ANALYSIS = YES;
				CLANG_WARN_STRICT_PROTOTYPES = YES;
				CLANG_WARN_SUSPICIOUS_MOVE = YES;
				CLANG_WARN_UNGUARDED_AVAILABILITY = YES_AGGRESSIVE;
				CLANG_WARN_UNREACHABLE_CODE = YES;
				CLANG_WARN__DUPLICATE_METHOD_MATCH = YES;
				CODE_SIGN_IDENTITY = "iPhone Developer";
				COPY_PHASE_STRIP = NO;
				DEBUG_INFORMATION_FORMAT = "dwarf-with-dsym";
				ENABLE_NS_ASSERTIONS = NO;
				ENABLE_STRICT_OBJC_MSGSEND = YES;
				GCC_C_LANGUAGE_STANDARD = gnu11;
				GCC_NO_COMMON_BLOCKS = YES;
				GCC_WARN_64_TO_32_BIT_CONVERSION = YES;
				GCC_WARN_ABOUT_RETURN_TYPE = YES_ERROR;
				GCC_WARN_UNDECLARED_SELECTOR = YES;
				GCC_WARN_UNINITIALIZED_AUTOS = YES_AGGRESSIVE;
				GCC_WARN_UNUSED_FUNCTION = YES;
				GCC_WARN_UNUSED_VARIABLE = YES;
				IPHONEOS_DEPLOYMENT_TARGET = 12.4;
				MTL_ENABLE_DEBUG_INFO = NO;
				MTL_FAST_MATH = YES;
				SDKROOT = iphoneos;
				SWIFT_COMPILATION_MODE = wholemodule;
				SWIFT_OPTIMIZATION_LEVEL = "-O";
				VALIDATE_PRODUCT = YES;
			};
			name = Release;
		};
		CA934B82238C82BB00826E9C /* Debug */ = {
			isa = XCBuildConfiguration;
			baseConfigurationReference = 53949BD1676C2530D2F5FBA6 /* Pods-Penn Study.debug.xcconfig */;
			buildSettings = {
				ASSETCATALOG_COMPILER_APPICON_NAME = AppIcon;
				CODE_SIGN_STYLE = Automatic;
				DEVELOPMENT_TEAM = 826BQ5QYXN;
				INFOPLIST_FILE = "Penn Study/Info.plist";
				LD_RUNPATH_SEARCH_PATHS = (
					"$(inherited)",
					"@executable_path/Frameworks",
				);
				PRODUCT_BUNDLE_IDENTIFIER = "com.example.Penn-Study";
				PRODUCT_NAME = "$(TARGET_NAME)";
				SWIFT_VERSION = 5.0;
				TARGETED_DEVICE_FAMILY = "1,2";
			};
			name = Debug;
		};
		CA934B83238C82BB00826E9C /* Release */ = {
			isa = XCBuildConfiguration;
			baseConfigurationReference = 26A13BEF286848DFEBEF0309 /* Pods-Penn Study.release.xcconfig */;
			buildSettings = {
				ASSETCATALOG_COMPILER_APPICON_NAME = AppIcon;
				CODE_SIGN_STYLE = Automatic;
				DEVELOPMENT_TEAM = 826BQ5QYXN;
				INFOPLIST_FILE = "Penn Study/Info.plist";
				LD_RUNPATH_SEARCH_PATHS = (
					"$(inherited)",
					"@executable_path/Frameworks",
				);
				PRODUCT_BUNDLE_IDENTIFIER = "com.example.Penn-Study";
				PRODUCT_NAME = "$(TARGET_NAME)";
				SWIFT_VERSION = 5.0;
				TARGETED_DEVICE_FAMILY = "1,2";
			};
			name = Release;
		};
/* End XCBuildConfiguration section */

/* Begin XCConfigurationList section */
		CA934B6A238C82BA00826E9C /* Build configuration list for PBXProject "Penn Study" */ = {
			isa = XCConfigurationList;
			buildConfigurations = (
				CA934B7F238C82BB00826E9C /* Debug */,
				CA934B80238C82BB00826E9C /* Release */,
			);
			defaultConfigurationIsVisible = 0;
			defaultConfigurationName = Release;
		};
		CA934B81238C82BB00826E9C /* Build configuration list for PBXNativeTarget "Penn Study" */ = {
			isa = XCConfigurationList;
			buildConfigurations = (
				CA934B82238C82BB00826E9C /* Debug */,
				CA934B83238C82BB00826E9C /* Release */,
			);
			defaultConfigurationIsVisible = 0;
			defaultConfigurationName = Release;
		};
/* End XCConfigurationList section */
	};
	rootObject = CA934B67238C82BA00826E9C /* Project object */;
}
